
Microsoft Visual Studio Solution File, Format Version 12.00
# Visual Studio Version 17
VisualStudioVersion = 17.4.33006.217
MinimumVisualStudioVersion = 10.0.40219.1
Project("{9A19103F-16F7-4668-BE54-9A1E7A4F7556}") = "Codehard.Functional.AspNetCore", "Codehard.Functional.AspNetCore\Codehard.Functional.AspNetCore.csproj", "{55B59340-363A-4E21-86B3-F9CA22040C81}"
EndProject
Project("{9A19103F-16F7-4668-BE54-9A1E7A4F7556}") = "Codehard.Functional", "Codehard.Functional\Codehard.Functional.csproj", "{A1F09CED-DBF0-4B7B-BDBD-7BBD729ADEDF}"
EndProject
Project("{9A19103F-16F7-4668-BE54-9A1E7A4F7556}") = "Codehard.Functional.MassTransit", "Codehard.Functional.MassTransit\Codehard.Functional.MassTransit.csproj", "{513671A2-1170-4945-AAD8-CE3332BA004E}"
EndProject
Project("{9A19103F-16F7-4668-BE54-9A1E7A4F7556}") = "Codehard.Functional.Logger", "Codehard.Functional.Logger\Codehard.Functional.Logger.csproj", "{B7D8E4C3-C8AC-44AB-9B44-EC85AB98E7BF}"
EndProject
Project("{9A19103F-16F7-4668-BE54-9A1E7A4F7556}") = "Codehard.Functional.Tests", "Codehard.Functional.Tests\Codehard.Functional.Tests.csproj", "{13C048DD-80EB-4A71-BB5F-79E3009A9881}"
EndProject
Project("{FAE04EC0-301F-11D3-BF4B-00C04F79EFBC}") = "Codehard.Functional.Logger.Tests", "Codehard.Functional.Logger.Tests\Codehard.Functional.Logger.Tests.csproj", "{7AE8A558-899A-4301-BDFA-768C3544C2AF}"
EndProject
Project("{9A19103F-16F7-4668-BE54-9A1E7A4F7556}") = "Codehard.Functional.FSharp", "Codehard.Functional.FSharp\Codehard.Functional.FSharp.csproj", "{37DA3936-8C99-4C93-A7E6-3BAF0EC0F5AE}"
EndProject
Project("{6EC3EE1D-3C4E-46DD-8F32-0CC8E7565705}") = "CodeHard.Functional.FSharp.Tests.Types", "CodeHard.Function.FSharp.Tests.Types\CodeHard.Functional.FSharp.Tests.Types.fsproj", "{F7B48571-5C78-45AB-A3FD-292043A35692}"
EndProject
Project("{9A19103F-16F7-4668-BE54-9A1E7A4F7556}") = "Codehard.Functional.FSharp.Tests", "Codehard.Functional.FSharp.Tests\Codehard.Functional.FSharp.Tests.csproj", "{E714F204-9ACA-4DA5-A85C-454DF1B69271}"
EndProject
Project("{2150E333-8FDC-42A3-9474-1A3956D46DE8}") = "Tests", "Tests", "{457EA8D1-5AFA-4FFE-9881-141E3FD0D82C}"
EndProject
Project("{FAE04EC0-301F-11D3-BF4B-00C04F79EFBC}") = "Codehard.Functional.Masstransit.Tests", "Codehard.Functional.Masstransit.Tests\Codehard.Functional.Masstransit.Tests.csproj", "{19B29CCF-C553-47C7-9AFA-663BB474249E}"
EndProject
Project("{FAE04EC0-301F-11D3-BF4B-00C04F79EFBC}") = "Codehard.Functional.EntityFramework", "Codehard.Functional.EntityFramework\Codehard.Functional.EntityFramework.csproj", "{2D86411C-CA12-4FB9-B537-F23BE3F05DE3}"
EndProject
Project("{FAE04EC0-301F-11D3-BF4B-00C04F79EFBC}") = "Codehard.EntityFramework", "Codehard.EntityFramework\Codehard.EntityFramework.csproj", "{0F1E35D8-CE0B-4F43-B193-3AEF46188081}"
EndProject
Global
	GlobalSection(SolutionConfigurationPlatforms) = preSolution
		Debug|Any CPU = Debug|Any CPU
		Release|Any CPU = Release|Any CPU
	EndGlobalSection
	GlobalSection(ProjectConfigurationPlatforms) = postSolution
		{55B59340-363A-4E21-86B3-F9CA22040C81}.Debug|Any CPU.ActiveCfg = Debug|Any CPU
		{55B59340-363A-4E21-86B3-F9CA22040C81}.Debug|Any CPU.Build.0 = Debug|Any CPU
		{55B59340-363A-4E21-86B3-F9CA22040C81}.Release|Any CPU.ActiveCfg = Release|Any CPU
		{55B59340-363A-4E21-86B3-F9CA22040C81}.Release|Any CPU.Build.0 = Release|Any CPU
		{A1F09CED-DBF0-4B7B-BDBD-7BBD729ADEDF}.Debug|Any CPU.ActiveCfg = Debug|Any CPU
		{A1F09CED-DBF0-4B7B-BDBD-7BBD729ADEDF}.Debug|Any CPU.Build.0 = Debug|Any CPU
		{A1F09CED-DBF0-4B7B-BDBD-7BBD729ADEDF}.Release|Any CPU.ActiveCfg = Release|Any CPU
		{A1F09CED-DBF0-4B7B-BDBD-7BBD729ADEDF}.Release|Any CPU.Build.0 = Release|Any CPU
		{513671A2-1170-4945-AAD8-CE3332BA004E}.Debug|Any CPU.ActiveCfg = Debug|Any CPU
		{513671A2-1170-4945-AAD8-CE3332BA004E}.Debug|Any CPU.Build.0 = Debug|Any CPU
		{513671A2-1170-4945-AAD8-CE3332BA004E}.Release|Any CPU.ActiveCfg = Release|Any CPU
		{513671A2-1170-4945-AAD8-CE3332BA004E}.Release|Any CPU.Build.0 = Release|Any CPU
		{B7D8E4C3-C8AC-44AB-9B44-EC85AB98E7BF}.Debug|Any CPU.ActiveCfg = Debug|Any CPU
		{B7D8E4C3-C8AC-44AB-9B44-EC85AB98E7BF}.Debug|Any CPU.Build.0 = Debug|Any CPU
		{B7D8E4C3-C8AC-44AB-9B44-EC85AB98E7BF}.Release|Any CPU.ActiveCfg = Release|Any CPU
		{B7D8E4C3-C8AC-44AB-9B44-EC85AB98E7BF}.Release|Any CPU.Build.0 = Release|Any CPU
		{13C048DD-80EB-4A71-BB5F-79E3009A9881}.Debug|Any CPU.ActiveCfg = Debug|Any CPU
		{13C048DD-80EB-4A71-BB5F-79E3009A9881}.Debug|Any CPU.Build.0 = Debug|Any CPU
		{13C048DD-80EB-4A71-BB5F-79E3009A9881}.Release|Any CPU.ActiveCfg = Release|Any CPU
		{13C048DD-80EB-4A71-BB5F-79E3009A9881}.Release|Any CPU.Build.0 = Release|Any CPU
		{37DA3936-8C99-4C93-A7E6-3BAF0EC0F5AE}.Debug|Any CPU.ActiveCfg = Debug|Any CPU
		{37DA3936-8C99-4C93-A7E6-3BAF0EC0F5AE}.Debug|Any CPU.Build.0 = Debug|Any CPU
		{37DA3936-8C99-4C93-A7E6-3BAF0EC0F5AE}.Release|Any CPU.ActiveCfg = Release|Any CPU
		{37DA3936-8C99-4C93-A7E6-3BAF0EC0F5AE}.Release|Any CPU.Build.0 = Release|Any CPU
		{F7B48571-5C78-45AB-A3FD-292043A35692}.Debug|Any CPU.ActiveCfg = Debug|Any CPU
		{F7B48571-5C78-45AB-A3FD-292043A35692}.Debug|Any CPU.Build.0 = Debug|Any CPU
		{F7B48571-5C78-45AB-A3FD-292043A35692}.Release|Any CPU.ActiveCfg = Release|Any CPU
		{F7B48571-5C78-45AB-A3FD-292043A35692}.Release|Any CPU.Build.0 = Release|Any CPU
		{E714F204-9ACA-4DA5-A85C-454DF1B69271}.Debug|Any CPU.ActiveCfg = Debug|Any CPU
		{E714F204-9ACA-4DA5-A85C-454DF1B69271}.Debug|Any CPU.Build.0 = Debug|Any CPU
		{E714F204-9ACA-4DA5-A85C-454DF1B69271}.Release|Any CPU.ActiveCfg = Release|Any CPU
		{E714F204-9ACA-4DA5-A85C-454DF1B69271}.Release|Any CPU.Build.0 = Release|Any CPU
		{7AE8A558-899A-4301-BDFA-768C3544C2AF}.Debug|Any CPU.ActiveCfg = Debug|Any CPU
		{7AE8A558-899A-4301-BDFA-768C3544C2AF}.Debug|Any CPU.Build.0 = Debug|Any CPU
		{7AE8A558-899A-4301-BDFA-768C3544C2AF}.Release|Any CPU.ActiveCfg = Release|Any CPU
		{7AE8A558-899A-4301-BDFA-768C3544C2AF}.Release|Any CPU.Build.0 = Release|Any CPU
		{19B29CCF-C553-47C7-9AFA-663BB474249E}.Debug|Any CPU.ActiveCfg = Debug|Any CPU
		{19B29CCF-C553-47C7-9AFA-663BB474249E}.Debug|Any CPU.Build.0 = Debug|Any CPU
		{19B29CCF-C553-47C7-9AFA-663BB474249E}.Release|Any CPU.ActiveCfg = Release|Any CPU
		{19B29CCF-C553-47C7-9AFA-663BB474249E}.Release|Any CPU.Build.0 = Release|Any CPU
		{2D86411C-CA12-4FB9-B537-F23BE3F05DE3}.Debug|Any CPU.ActiveCfg = Debug|Any CPU
		{2D86411C-CA12-4FB9-B537-F23BE3F05DE3}.Debug|Any CPU.Build.0 = Debug|Any CPU
		{2D86411C-CA12-4FB9-B537-F23BE3F05DE3}.Release|Any CPU.ActiveCfg = Release|Any CPU
		{2D86411C-CA12-4FB9-B537-F23BE3F05DE3}.Release|Any CPU.Build.0 = Release|Any CPU
		{0F1E35D8-CE0B-4F43-B193-3AEF46188081}.Debug|Any CPU.ActiveCfg = Debug|Any CPU
		{0F1E35D8-CE0B-4F43-B193-3AEF46188081}.Debug|Any CPU.Build.0 = Debug|Any CPU
		{0F1E35D8-CE0B-4F43-B193-3AEF46188081}.Release|Any CPU.ActiveCfg = Release|Any CPU
		{0F1E35D8-CE0B-4F43-B193-3AEF46188081}.Release|Any CPU.Build.0 = Release|Any CPU
	EndGlobalSection
	GlobalSection(SolutionProperties) = preSolution
		HideSolutionNode = FALSE
	EndGlobalSection
	GlobalSection(ExtensibilityGlobals) = postSolution
		SolutionGuid = {47E1412D-E25B-4941-AB50-D584DE27C753}
	EndGlobalSection
	GlobalSection(NestedProjects) = preSolution
		{E714F204-9ACA-4DA5-A85C-454DF1B69271} = {457EA8D1-5AFA-4FFE-9881-141E3FD0D82C}
		{F7B48571-5C78-45AB-A3FD-292043A35692} = {457EA8D1-5AFA-4FFE-9881-141E3FD0D82C}
		{7AE8A558-899A-4301-BDFA-768C3544C2AF} = {457EA8D1-5AFA-4FFE-9881-141E3FD0D82C}
		{13C048DD-80EB-4A71-BB5F-79E3009A9881} = {457EA8D1-5AFA-4FFE-9881-141E3FD0D82C}
		{19B29CCF-C553-47C7-9AFA-663BB474249E} = {457EA8D1-5AFA-4FFE-9881-141E3FD0D82C}
	EndGlobalSection
EndGlobal
