
Microsoft Visual Studio Solution File, Format Version 12.00
# Visual Studio Version 17
VisualStudioVersion = 17.4.33006.217
MinimumVisualStudioVersion = 10.0.40219.1
Project("{9A19103F-16F7-4668-BE54-9A1E7A4F7556}") = "Codehard.Functional.AspNetCore", "Codehard.Functional.AspNetCore\Codehard.Functional.AspNetCore.csproj", "{55B59340-363A-4E21-86B3-F9CA22040C81}"
EndProject
Project("{9A19103F-16F7-4668-BE54-9A1E7A4F7556}") = "Codehard.Functional", "Codehard.Functional\Codehard.Functional.csproj", "{A1F09CED-DBF0-4B7B-BDBD-7BBD729ADEDF}"
EndProject
Project("{9A19103F-16F7-4668-BE54-9A1E7A4F7556}") = "Codehard.Functional.MassTransit", "Codehard.Functional.MassTransit\Codehard.Functional.MassTransit.csproj", "{513671A2-1170-4945-AAD8-CE3332BA004E}"
EndProject
Project("{9A19103F-16F7-4668-BE54-9A1E7A4F7556}") = "Codehard.Functional.Logger", "Codehard.Functional.Logger\Codehard.Functional.Logger.csproj", "{B7D8E4C3-C8AC-44AB-9B44-EC85AB98E7BF}"
EndProject
Project("{9A19103F-16F7-4668-BE54-9A1E7A4F7556}") = "Codehard.Functional.Tests", "Codehard.Functional.Tests\Codehard.Functional.Tests.csproj", "{13C048DD-80EB-4A71-BB5F-79E3009A9881}"
EndProject
Project("{FAE04EC0-301F-11D3-BF4B-00C04F79EFBC}") = "Codehard.Functional.Logger.Tests", "Codehard.Functional.Logger.Tests\Codehard.Functional.Logger.Tests.csproj", "{7AE8A558-899A-4301-BDFA-768C3544C2AF}"
EndProject
Global
	GlobalSection(SolutionConfigurationPlatforms) = preSolution
		Debug|Any CPU = Debug|Any CPU
		Release|Any CPU = Release|Any CPU
	EndGlobalSection
	GlobalSection(ProjectConfigurationPlatforms) = postSolution
		{55B59340-363A-4E21-86B3-F9CA22040C81}.Debug|Any CPU.ActiveCfg = Debug|Any CPU
		{55B59340-363A-4E21-86B3-F9CA22040C81}.Debug|Any CPU.Build.0 = Debug|Any CPU
		{55B59340-363A-4E21-86B3-F9CA22040C81}.Release|Any CPU.ActiveCfg = Release|Any CPU
		{55B59340-363A-4E21-86B3-F9CA22040C81}.Release|Any CPU.Build.0 = Release|Any CPU
		{A1F09CED-DBF0-4B7B-BDBD-7BBD729ADEDF}.Debug|Any CPU.ActiveCfg = Debug|Any CPU
		{A1F09CED-DBF0-4B7B-BDBD-7BBD729ADEDF}.Debug|Any CPU.Build.0 = Debug|Any CPU
		{A1F09CED-DBF0-4B7B-BDBD-7BBD729ADEDF}.Release|Any CPU.ActiveCfg = Release|Any CPU
		{A1F09CED-DBF0-4B7B-BDBD-7BBD729ADEDF}.Release|Any CPU.Build.0 = Release|Any CPU
		{513671A2-1170-4945-AAD8-CE3332BA004E}.Debug|Any CPU.ActiveCfg = Debug|Any CPU
		{513671A2-1170-4945-AAD8-CE3332BA004E}.Debug|Any CPU.Build.0 = Debug|Any CPU
		{513671A2-1170-4945-AAD8-CE3332BA004E}.Release|Any CPU.ActiveCfg = Release|Any CPU
		{513671A2-1170-4945-AAD8-CE3332BA004E}.Release|Any CPU.Build.0 = Release|Any CPU
		{B7D8E4C3-C8AC-44AB-9B44-EC85AB98E7BF}.Debug|Any CPU.ActiveCfg = Debug|Any CPU
		{B7D8E4C3-C8AC-44AB-9B44-EC85AB98E7BF}.Debug|Any CPU.Build.0 = Debug|Any CPU
		{B7D8E4C3-C8AC-44AB-9B44-EC85AB98E7BF}.Release|Any CPU.ActiveCfg = Release|Any CPU
		{B7D8E4C3-C8AC-44AB-9B44-EC85AB98E7BF}.Release|Any CPU.Build.0 = Release|Any CPU
		{13C048DD-80EB-4A71-BB5F-79E3009A9881}.Debug|Any CPU.ActiveCfg = Debug|Any CPU
		{13C048DD-80EB-4A71-BB5F-79E3009A9881}.Debug|Any CPU.Build.0 = Debug|Any CPU
		{13C048DD-80EB-4A71-BB5F-79E3009A9881}.Release|Any CPU.ActiveCfg = Release|Any CPU
		{13C048DD-80EB-4A71-BB5F-79E3009A9881}.Release|Any CPU.Build.0 = Release|Any CPU
		{7AE8A558-899A-4301-BDFA-768C3544C2AF}.Debug|Any CPU.ActiveCfg = Debug|Any CPU
		{7AE8A558-899A-4301-BDFA-768C3544C2AF}.Debug|Any CPU.Build.0 = Debug|Any CPU
		{7AE8A558-899A-4301-BDFA-768C3544C2AF}.Release|Any CPU.ActiveCfg = Release|Any CPU
		{7AE8A558-899A-4301-BDFA-768C3544C2AF}.Release|Any CPU.Build.0 = Release|Any CPU
	EndGlobalSection
	GlobalSection(SolutionProperties) = preSolution
		HideSolutionNode = FALSE
	EndGlobalSection
	GlobalSection(ExtensibilityGlobals) = postSolution
		SolutionGuid = {47E1412D-E25B-4941-AB50-D584DE27C753}
	EndGlobalSection
EndGlobal
