Microsoft Visual Studio Solution File, Format Version 12.00
Project("{9A19103F-16F7-4668-BE54-9A1E7A4F7556}") = "Codehard.Common", "Codehard.Common/Codehard.Common.csproj", "{C926150C-1568-44AE-B89A-2766B821CBA5}"
EndProject
Global
	GlobalSection(SolutionConfigurationPlatforms) = preSolution
		Debug|Any CPU = Debug|Any CPU
		Release|Any CPU = Release|Any CPU
	EndGlobalSection
	GlobalSection(ProjectConfigurationPlatforms) = postSolution
		{C926150C-1568-44AE-B89A-2766B821CBA5}.Debug|Any CPU.ActiveCfg = Debug|Any CPU
		{C926150C-1568-44AE-B89A-2766B821CBA5}.Debug|Any CPU.Build.0 = Debug|Any CPU
		{C926150C-1568-44AE-B89A-2766B821CBA5}.Release|Any CPU.ActiveCfg = Release|Any CPU
		{C926150C-1568-44AE-B89A-2766B821CBA5}.Release|Any CPU.Build.0 = Release|Any CPU
	EndGlobalSection
	GlobalSection(SolutionProperties) = preSolution
		HideSolutionNode = FALSE
	EndGlobalSection
	GlobalSection(ExtensibilityGlobals) = postSolution
		SolutionGuid = {C70254DD-2DEC-4FDF-A396-D266822CA720}
	EndGlobalSection
EndGlobal
