Microsoft Visual Studio Solution File, Format Version 12.00
Project("{9A19103F-16F7-4668-BE54-9A1E7A4F7556}") = "Codehard.Infrastructure.EntityFramework", "Codehard.Infrastructure.EntityFramework\Codehard.Infrastructure.EntityFramework.csproj", "{C2BF8944-4593-4AEA-9E88-568ABD9706F0}"
EndProject
Project("{FAE04EC0-301F-11D3-BF4B-00C04F79EFBC}") = "Codehard.Infrastructure.EntityFramework.Parser", "Codehard.Infrastructure.EntityFramework.Parser\Codehard.Infrastructure.EntityFramework.Parser.csproj", "{7479D4D8-37EF-428D-B62A-E5EA4107BA9C}"
EndProject
Project("{FAE04EC0-301F-11D3-BF4B-00C04F79EFBC}") = "Codehard.Common.DomainModel", "..\Codehard.Common\Codehard.Common.DomainModel\Codehard.Common.DomainModel.csproj", "{73ACAE87-A3E8-4B7C-A8D5-32F651931B79}"
EndProject
Project("{FAE04EC0-301F-11D3-BF4B-00C04F79EFBC}") = "Infrastructure.Test", "Infrastructure.Test\Infrastructure.Test.csproj", "{1DEEC940-1E5C-4EAA-85AE-663CEBE2EE78}"
EndProject
Global
	GlobalSection(SolutionConfigurationPlatforms) = preSolution
		Debug|Any CPU = Debug|Any CPU
		Release|Any CPU = Release|Any CPU
	EndGlobalSection
	GlobalSection(ProjectConfigurationPlatforms) = postSolution
		{C2BF8944-4593-4AEA-9E88-568ABD9706F0}.Debug|Any CPU.ActiveCfg = Debug|Any CPU
		{C2BF8944-4593-4AEA-9E88-568ABD9706F0}.Debug|Any CPU.Build.0 = Debug|Any CPU
		{C2BF8944-4593-4AEA-9E88-568ABD9706F0}.Release|Any CPU.ActiveCfg = Release|Any CPU
		{C2BF8944-4593-4AEA-9E88-568ABD9706F0}.Release|Any CPU.Build.0 = Release|Any CPU
		{7479D4D8-37EF-428D-B62A-E5EA4107BA9C}.Debug|Any CPU.ActiveCfg = Debug|Any CPU
		{7479D4D8-37EF-428D-B62A-E5EA4107BA9C}.Debug|Any CPU.Build.0 = Debug|Any CPU
		{7479D4D8-37EF-428D-B62A-E5EA4107BA9C}.Release|Any CPU.ActiveCfg = Release|Any CPU
		{7479D4D8-37EF-428D-B62A-E5EA4107BA9C}.Release|Any CPU.Build.0 = Release|Any CPU
		{73ACAE87-A3E8-4B7C-A8D5-32F651931B79}.Debug|Any CPU.ActiveCfg = Debug|Any CPU
		{73ACAE87-A3E8-4B7C-A8D5-32F651931B79}.Debug|Any CPU.Build.0 = Debug|Any CPU
		{73ACAE87-A3E8-4B7C-A8D5-32F651931B79}.Release|Any CPU.ActiveCfg = Release|Any CPU
		{73ACAE87-A3E8-4B7C-A8D5-32F651931B79}.Release|Any CPU.Build.0 = Release|Any CPU
		{1DEEC940-1E5C-4EAA-85AE-663CEBE2EE78}.Debug|Any CPU.ActiveCfg = Debug|Any CPU
		{1DEEC940-1E5C-4EAA-85AE-663CEBE2EE78}.Debug|Any CPU.Build.0 = Debug|Any CPU
		{1DEEC940-1E5C-4EAA-85AE-663CEBE2EE78}.Release|Any CPU.ActiveCfg = Release|Any CPU
		{1DEEC940-1E5C-4EAA-85AE-663CEBE2EE78}.Release|Any CPU.Build.0 = Release|Any CPU
	EndGlobalSection
	GlobalSection(SolutionProperties) = preSolution
		HideSolutionNode = FALSE
	EndGlobalSection
	GlobalSection(ExtensibilityGlobals) = postSolution
		SolutionGuid = {F714364A-2627-4409-B39F-98491220A47A}
	EndGlobalSection
EndGlobal
