Microsoft Visual Studio Solution File, Format Version 12.00
Project("{9A19103F-16F7-4668-BE54-9A1E7A4F7556}") = "Codehard.Common", "Codehard.Common/Codehard.Common/Codehard.Common.csproj", "{C926150C-1568-44AE-B89A-2766B821CBA5}"
EndProject
Project("{FAE04EC0-301F-11D3-BF4B-00C04F79EFBC}") = "Codehard.Common.AspNetCore", "Codehard.Common/Codehard.Common.AspNetCore\Codehard.Common.AspNetCore.csproj", "{51B8CD82-584A-4E6D-9E65-5F6A2DD4B7A6}"
EndProject
Project("{FAE04EC0-301F-11D3-BF4B-00C04F79EFBC}") = "Codehard.Common.DomainModel", "Codehard.Common/Codehard.Common.DomainModel\Codehard.Common.DomainModel.csproj", "{5BADE5A9-D2A5-4BC5-BC0B-7BC3C9FE5F63}"
EndProject
Project("{2150E333-8FDC-42A3-9474-1A3956D46DE8}") = "Common", "Common", "{2F98EF48-527C-44C5-8FC3-65F25C808AC9}"
EndProject
Project("{2150E333-8FDC-42A3-9474-1A3956D46DE8}") = "Functional", "Functional", "{0C257E94-AD98-4AFB-93B7-B6F64EB7D2BA}"
EndProject
Project("{F2A71F9B-5D33-465A-A702-920D77279786}") = "CodeHard.Functional.FSharp.Tests.Types", "Codehard.Functional\CodeHard.Function.FSharp.Tests.Types\CodeHard.Functional.FSharp.Tests.Types.fsproj", "{D737B3A2-8387-4736-AD34-C405C46D5A1B}"
EndProject
Project("{FAE04EC0-301F-11D3-BF4B-00C04F79EFBC}") = "Codehard.Functional", "Codehard.Functional\Codehard.Functional\Codehard.Functional.csproj", "{BD6BDCB7-CA9E-465F-BC6D-A52E256DCD6E}"
EndProject
Project("{FAE04EC0-301F-11D3-BF4B-00C04F79EFBC}") = "Codehard.Functional.AspNetCore", "Codehard.Functional\Codehard.Functional.AspNetCore\Codehard.Functional.AspNetCore.csproj", "{B9028633-A438-438A-8C56-C27698B9C50D}"
EndProject
Project("{FAE04EC0-301F-11D3-BF4B-00C04F79EFBC}") = "Codehard.Functional.FSharp", "Codehard.Functional\Codehard.Functional.FSharp\Codehard.Functional.FSharp.csproj", "{31A53652-BF49-445F-ADB3-AAF4137548B8}"
EndProject
Project("{FAE04EC0-301F-11D3-BF4B-00C04F79EFBC}") = "Codehard.Functional.FSharp.Tests", "Codehard.Functional\Codehard.Functional.FSharp.Tests\Codehard.Functional.FSharp.Tests.csproj", "{9CDE7118-1931-4BDA-929B-2E0F67E16FE6}"
EndProject
Project("{FAE04EC0-301F-11D3-BF4B-00C04F79EFBC}") = "Codehard.Functional.Logger", "Codehard.Functional\Codehard.Functional.Logger\Codehard.Functional.Logger.csproj", "{BC49B410-4B7B-459F-9CF9-213633C3FFDE}"
EndProject
Project("{FAE04EC0-301F-11D3-BF4B-00C04F79EFBC}") = "Codehard.Functional.Logger.Tests", "Codehard.Functional\Codehard.Functional.Logger.Tests\Codehard.Functional.Logger.Tests.csproj", "{D1A6F6BB-A51C-4E58-A29D-989806951459}"
EndProject
Project("{FAE04EC0-301F-11D3-BF4B-00C04F79EFBC}") = "Codehard.Functional.MassTransit", "Codehard.Functional\Codehard.Functional.MassTransit\Codehard.Functional.MassTransit.csproj", "{BF0D6EFE-7CCE-4530-B087-A57451E7CD33}"
EndProject
Project("{FAE04EC0-301F-11D3-BF4B-00C04F79EFBC}") = "Codehard.Functional.Masstransit.Tests", "Codehard.Functional\Codehard.Functional.Masstransit.Tests\Codehard.Functional.Masstransit.Tests.csproj", "{D87DD68A-3BC1-4766-9F84-E35BD12E62C9}"
EndProject
Project("{FAE04EC0-301F-11D3-BF4B-00C04F79EFBC}") = "Codehard.Functional.Tests", "Codehard.Functional\Codehard.Functional.Tests\Codehard.Functional.Tests.csproj", "{F858E5D3-DCF1-4708-8189-0C61B350EC7C}"
EndProject
Project("{2150E333-8FDC-42A3-9474-1A3956D46DE8}") = "Infrastructure", "Infrastructure", "{D36E6268-E980-40CF-B1EA-605B400B9EAD}"
EndProject
Project("{FAE04EC0-301F-11D3-BF4B-00C04F79EFBC}") = "Codehard.Infrastructure.EntityFramework", "Codehard.Infrastructure\Codehard.Infrastructure.EntityFramework\Codehard.Infrastructure.EntityFramework.csproj", "{E3A71AA8-FF04-4C34-AD33-CB35424BCE04}"
EndProject
Project("{FAE04EC0-301F-11D3-BF4B-00C04F79EFBC}") = "Codehard.Infrastructure.EntityFramework.Parser", "Codehard.Infrastructure\Codehard.Infrastructure.EntityFramework.Parser\Codehard.Infrastructure.EntityFramework.Parser.csproj", "{26287D0E-D344-4D3F-8CD6-E3550B70EC29}"
EndProject
Project("{FAE04EC0-301F-11D3-BF4B-00C04F79EFBC}") = "Codehard.Functional.EntityFramework", "Codehard.Functional\Codehard.Functional.EntityFramework\Codehard.Functional.EntityFramework.csproj", "{EB27AB06-9F09-4E25-9A4C-7DDACC00C2DC}"
EndProject
Project("{FAE04EC0-301F-11D3-BF4B-00C04F79EFBC}") = "Codehard.Functional.AspNetCore.Tests", "Codehard.Functional\Codehard.Functional.AspNetCore.Tests\Codehard.Functional.AspNetCore.Tests.csproj", "{DA0C04B0-C40E-4047-A5B5-D4F274093DFB}"
EndProject
Project("{FAE04EC0-301F-11D3-BF4B-00C04F79EFBC}") = "Codehard.Infrastructure.EntityFramework.Tests", "Codehard.Infrastructure\Codehard.Infrastructure.EntityFramework.Tests\Codehard.Infrastructure.EntityFramework.Tests.csproj", "{0281E666-6C4E-4F4C-BDC7-1A71D781D34D}"
EndProject
Project("{FAE04EC0-301F-11D3-BF4B-00C04F79EFBC}") = "Codehard.DomainModel.Generator", "Codehard.Common\Codehard.DomainModel.Generator\Codehard.DomainModel.Generator.csproj", "{0864E7FA-1BE2-4703-9F96-91386753B301}"
EndProject
Project("{FAE04EC0-301F-11D3-BF4B-00C04F79EFBC}") = "Codehard.DomainModel.Generator.Tests", "Codehard.Common\Codehard.DomainModel.Generator.Tests\Codehard.DomainModel.Generator.Tests.csproj", "{6277AC9F-217C-4F89-8589-51FCB4E9BADF}"
EndProject
Project("{FAE04EC0-301F-11D3-BF4B-00C04F79EFBC}") = "Codehard.Functional.Marten", "Codehard.Functional\Codehard.Functional.Marten\Codehard.Functional.Marten.csproj", "{8D62918D-C27F-45AF-B26A-437B594C0D5C}"
EndProject
Project("{FAE04EC0-301F-11D3-BF4B-00C04F79EFBC}") = "Codehard.Functional.Marten.Tests", "Codehard.Functional\Codehard.Functional.Marten.Tests\Codehard.Functional.Marten.Tests.csproj", "{BCB6D4C3-DD27-43AD-B0E9-6C8DE6821AD5}"
EndProject
Project("{FAE04EC0-301F-11D3-BF4B-00C04F79EFBC}") = "Codehard.Functional.MediatR", "Codehard.Functional\Codehard.Functional.Mediatr\Codehard.Functional.MediatR.csproj", "{8952083F-5A2A-4A37-9039-8588B08CA6EE}"
EndProject
Project("{FAE04EC0-301F-11D3-BF4B-00C04F79EFBC}") = "Codehard.Functional.MediatR.Tests", "Codehard.Functional\Codehard.Functional.Mediatr.Tests\Codehard.Functional.MediatR.Tests.csproj", "{569F15A1-ABDE-4037-825C-90164D9074E2}"
EndProject
Project("{FAE04EC0-301F-11D3-BF4B-00C04F79EFBC}") = "Codehard.Common.AspNetCore.Test", "Codehard.Common.AspNetCore.Test\Codehard.Common.AspNetCore.Test.csproj", "{C936B94D-D1D9-4A55-8CA1-748988282811}"
Project("{FAE04EC0-301F-11D3-BF4B-00C04F79EFBC}") = "Codehard.Common.AspNetCore.Tests", "Codehard.Common.AspNetCore.Tests\Codehard.Common.AspNetCore.Tests.csproj", "{C936B94D-D1D9-4A55-8CA1-748988282811}"
EndProject
Global
	GlobalSection(SolutionConfigurationPlatforms) = preSolution
		Debug|Any CPU = Debug|Any CPU
		Release|Any CPU = Release|Any CPU
	EndGlobalSection
	GlobalSection(ProjectConfigurationPlatforms) = postSolution
		{C926150C-1568-44AE-B89A-2766B821CBA5}.Debug|Any CPU.ActiveCfg = Debug|Any CPU
		{C926150C-1568-44AE-B89A-2766B821CBA5}.Debug|Any CPU.Build.0 = Debug|Any CPU
		{C926150C-1568-44AE-B89A-2766B821CBA5}.Release|Any CPU.ActiveCfg = Release|Any CPU
		{C926150C-1568-44AE-B89A-2766B821CBA5}.Release|Any CPU.Build.0 = Release|Any CPU
		{51B8CD82-584A-4E6D-9E65-5F6A2DD4B7A6}.Debug|Any CPU.ActiveCfg = Debug|Any CPU
		{51B8CD82-584A-4E6D-9E65-5F6A2DD4B7A6}.Debug|Any CPU.Build.0 = Debug|Any CPU
		{51B8CD82-584A-4E6D-9E65-5F6A2DD4B7A6}.Release|Any CPU.ActiveCfg = Release|Any CPU
		{51B8CD82-584A-4E6D-9E65-5F6A2DD4B7A6}.Release|Any CPU.Build.0 = Release|Any CPU
		{5BADE5A9-D2A5-4BC5-BC0B-7BC3C9FE5F63}.Debug|Any CPU.ActiveCfg = Debug|Any CPU
		{5BADE5A9-D2A5-4BC5-BC0B-7BC3C9FE5F63}.Debug|Any CPU.Build.0 = Debug|Any CPU
		{5BADE5A9-D2A5-4BC5-BC0B-7BC3C9FE5F63}.Release|Any CPU.ActiveCfg = Release|Any CPU
		{5BADE5A9-D2A5-4BC5-BC0B-7BC3C9FE5F63}.Release|Any CPU.Build.0 = Release|Any CPU
		{D737B3A2-8387-4736-AD34-C405C46D5A1B}.Debug|Any CPU.ActiveCfg = Debug|Any CPU
		{D737B3A2-8387-4736-AD34-C405C46D5A1B}.Debug|Any CPU.Build.0 = Debug|Any CPU
		{D737B3A2-8387-4736-AD34-C405C46D5A1B}.Release|Any CPU.ActiveCfg = Release|Any CPU
		{D737B3A2-8387-4736-AD34-C405C46D5A1B}.Release|Any CPU.Build.0 = Release|Any CPU
		{BD6BDCB7-CA9E-465F-BC6D-A52E256DCD6E}.Debug|Any CPU.ActiveCfg = Debug|Any CPU
		{BD6BDCB7-CA9E-465F-BC6D-A52E256DCD6E}.Debug|Any CPU.Build.0 = Debug|Any CPU
		{BD6BDCB7-CA9E-465F-BC6D-A52E256DCD6E}.Release|Any CPU.ActiveCfg = Release|Any CPU
		{BD6BDCB7-CA9E-465F-BC6D-A52E256DCD6E}.Release|Any CPU.Build.0 = Release|Any CPU
		{B9028633-A438-438A-8C56-C27698B9C50D}.Debug|Any CPU.ActiveCfg = Debug|Any CPU
		{B9028633-A438-438A-8C56-C27698B9C50D}.Debug|Any CPU.Build.0 = Debug|Any CPU
		{B9028633-A438-438A-8C56-C27698B9C50D}.Release|Any CPU.ActiveCfg = Release|Any CPU
		{B9028633-A438-438A-8C56-C27698B9C50D}.Release|Any CPU.Build.0 = Release|Any CPU
		{31A53652-BF49-445F-ADB3-AAF4137548B8}.Debug|Any CPU.ActiveCfg = Debug|Any CPU
		{31A53652-BF49-445F-ADB3-AAF4137548B8}.Debug|Any CPU.Build.0 = Debug|Any CPU
		{31A53652-BF49-445F-ADB3-AAF4137548B8}.Release|Any CPU.ActiveCfg = Release|Any CPU
		{31A53652-BF49-445F-ADB3-AAF4137548B8}.Release|Any CPU.Build.0 = Release|Any CPU
		{9CDE7118-1931-4BDA-929B-2E0F67E16FE6}.Debug|Any CPU.ActiveCfg = Debug|Any CPU
		{9CDE7118-1931-4BDA-929B-2E0F67E16FE6}.Debug|Any CPU.Build.0 = Debug|Any CPU
		{9CDE7118-1931-4BDA-929B-2E0F67E16FE6}.Release|Any CPU.ActiveCfg = Release|Any CPU
		{9CDE7118-1931-4BDA-929B-2E0F67E16FE6}.Release|Any CPU.Build.0 = Release|Any CPU
		{BC49B410-4B7B-459F-9CF9-213633C3FFDE}.Debug|Any CPU.ActiveCfg = Debug|Any CPU
		{BC49B410-4B7B-459F-9CF9-213633C3FFDE}.Debug|Any CPU.Build.0 = Debug|Any CPU
		{BC49B410-4B7B-459F-9CF9-213633C3FFDE}.Release|Any CPU.ActiveCfg = Release|Any CPU
		{BC49B410-4B7B-459F-9CF9-213633C3FFDE}.Release|Any CPU.Build.0 = Release|Any CPU
		{D1A6F6BB-A51C-4E58-A29D-989806951459}.Debug|Any CPU.ActiveCfg = Debug|Any CPU
		{D1A6F6BB-A51C-4E58-A29D-989806951459}.Debug|Any CPU.Build.0 = Debug|Any CPU
		{D1A6F6BB-A51C-4E58-A29D-989806951459}.Release|Any CPU.ActiveCfg = Release|Any CPU
		{D1A6F6BB-A51C-4E58-A29D-989806951459}.Release|Any CPU.Build.0 = Release|Any CPU
		{BF0D6EFE-7CCE-4530-B087-A57451E7CD33}.Debug|Any CPU.ActiveCfg = Debug|Any CPU
		{BF0D6EFE-7CCE-4530-B087-A57451E7CD33}.Debug|Any CPU.Build.0 = Debug|Any CPU
		{BF0D6EFE-7CCE-4530-B087-A57451E7CD33}.Release|Any CPU.ActiveCfg = Release|Any CPU
		{BF0D6EFE-7CCE-4530-B087-A57451E7CD33}.Release|Any CPU.Build.0 = Release|Any CPU
		{D87DD68A-3BC1-4766-9F84-E35BD12E62C9}.Debug|Any CPU.ActiveCfg = Debug|Any CPU
		{D87DD68A-3BC1-4766-9F84-E35BD12E62C9}.Debug|Any CPU.Build.0 = Debug|Any CPU
		{D87DD68A-3BC1-4766-9F84-E35BD12E62C9}.Release|Any CPU.ActiveCfg = Release|Any CPU
		{D87DD68A-3BC1-4766-9F84-E35BD12E62C9}.Release|Any CPU.Build.0 = Release|Any CPU
		{F858E5D3-DCF1-4708-8189-0C61B350EC7C}.Debug|Any CPU.ActiveCfg = Debug|Any CPU
		{F858E5D3-DCF1-4708-8189-0C61B350EC7C}.Debug|Any CPU.Build.0 = Debug|Any CPU
		{F858E5D3-DCF1-4708-8189-0C61B350EC7C}.Release|Any CPU.ActiveCfg = Release|Any CPU
		{F858E5D3-DCF1-4708-8189-0C61B350EC7C}.Release|Any CPU.Build.0 = Release|Any CPU
		{E3A71AA8-FF04-4C34-AD33-CB35424BCE04}.Debug|Any CPU.ActiveCfg = Debug|Any CPU
		{E3A71AA8-FF04-4C34-AD33-CB35424BCE04}.Debug|Any CPU.Build.0 = Debug|Any CPU
		{E3A71AA8-FF04-4C34-AD33-CB35424BCE04}.Release|Any CPU.ActiveCfg = Release|Any CPU
		{E3A71AA8-FF04-4C34-AD33-CB35424BCE04}.Release|Any CPU.Build.0 = Release|Any CPU
		{26287D0E-D344-4D3F-8CD6-E3550B70EC29}.Debug|Any CPU.ActiveCfg = Debug|Any CPU
		{26287D0E-D344-4D3F-8CD6-E3550B70EC29}.Debug|Any CPU.Build.0 = Debug|Any CPU
		{26287D0E-D344-4D3F-8CD6-E3550B70EC29}.Release|Any CPU.ActiveCfg = Release|Any CPU
		{26287D0E-D344-4D3F-8CD6-E3550B70EC29}.Release|Any CPU.Build.0 = Release|Any CPU
		{EB27AB06-9F09-4E25-9A4C-7DDACC00C2DC}.Debug|Any CPU.ActiveCfg = Debug|Any CPU
		{EB27AB06-9F09-4E25-9A4C-7DDACC00C2DC}.Debug|Any CPU.Build.0 = Debug|Any CPU
		{EB27AB06-9F09-4E25-9A4C-7DDACC00C2DC}.Release|Any CPU.ActiveCfg = Release|Any CPU
		{EB27AB06-9F09-4E25-9A4C-7DDACC00C2DC}.Release|Any CPU.Build.0 = Release|Any CPU
		{DA0C04B0-C40E-4047-A5B5-D4F274093DFB}.Debug|Any CPU.ActiveCfg = Debug|Any CPU
		{DA0C04B0-C40E-4047-A5B5-D4F274093DFB}.Debug|Any CPU.Build.0 = Debug|Any CPU
		{DA0C04B0-C40E-4047-A5B5-D4F274093DFB}.Release|Any CPU.ActiveCfg = Release|Any CPU
		{DA0C04B0-C40E-4047-A5B5-D4F274093DFB}.Release|Any CPU.Build.0 = Release|Any CPU
		{0281E666-6C4E-4F4C-BDC7-1A71D781D34D}.Debug|Any CPU.ActiveCfg = Debug|Any CPU
		{0281E666-6C4E-4F4C-BDC7-1A71D781D34D}.Debug|Any CPU.Build.0 = Debug|Any CPU
		{0281E666-6C4E-4F4C-BDC7-1A71D781D34D}.Release|Any CPU.ActiveCfg = Release|Any CPU
		{0281E666-6C4E-4F4C-BDC7-1A71D781D34D}.Release|Any CPU.Build.0 = Release|Any CPU
		{0864E7FA-1BE2-4703-9F96-91386753B301}.Debug|Any CPU.ActiveCfg = Debug|Any CPU
		{0864E7FA-1BE2-4703-9F96-91386753B301}.Debug|Any CPU.Build.0 = Debug|Any CPU
		{0864E7FA-1BE2-4703-9F96-91386753B301}.Release|Any CPU.ActiveCfg = Release|Any CPU
		{0864E7FA-1BE2-4703-9F96-91386753B301}.Release|Any CPU.Build.0 = Release|Any CPU
		{6277AC9F-217C-4F89-8589-51FCB4E9BADF}.Debug|Any CPU.ActiveCfg = Debug|Any CPU
		{6277AC9F-217C-4F89-8589-51FCB4E9BADF}.Debug|Any CPU.Build.0 = Debug|Any CPU
		{6277AC9F-217C-4F89-8589-51FCB4E9BADF}.Release|Any CPU.ActiveCfg = Release|Any CPU
		{6277AC9F-217C-4F89-8589-51FCB4E9BADF}.Release|Any CPU.Build.0 = Release|Any CPU
		{8D62918D-C27F-45AF-B26A-437B594C0D5C}.Debug|Any CPU.ActiveCfg = Debug|Any CPU
		{8D62918D-C27F-45AF-B26A-437B594C0D5C}.Debug|Any CPU.Build.0 = Debug|Any CPU
		{8D62918D-C27F-45AF-B26A-437B594C0D5C}.Release|Any CPU.ActiveCfg = Release|Any CPU
		{8D62918D-C27F-45AF-B26A-437B594C0D5C}.Release|Any CPU.Build.0 = Release|Any CPU
		{BCB6D4C3-DD27-43AD-B0E9-6C8DE6821AD5}.Debug|Any CPU.ActiveCfg = Debug|Any CPU
		{BCB6D4C3-DD27-43AD-B0E9-6C8DE6821AD5}.Debug|Any CPU.Build.0 = Debug|Any CPU
		{BCB6D4C3-DD27-43AD-B0E9-6C8DE6821AD5}.Release|Any CPU.ActiveCfg = Release|Any CPU
		{BCB6D4C3-DD27-43AD-B0E9-6C8DE6821AD5}.Release|Any CPU.Build.0 = Release|Any CPU
		{8952083F-5A2A-4A37-9039-8588B08CA6EE}.Debug|Any CPU.ActiveCfg = Debug|Any CPU
		{8952083F-5A2A-4A37-9039-8588B08CA6EE}.Debug|Any CPU.Build.0 = Debug|Any CPU
		{8952083F-5A2A-4A37-9039-8588B08CA6EE}.Release|Any CPU.ActiveCfg = Release|Any CPU
		{8952083F-5A2A-4A37-9039-8588B08CA6EE}.Release|Any CPU.Build.0 = Release|Any CPU
		{569F15A1-ABDE-4037-825C-90164D9074E2}.Debug|Any CPU.ActiveCfg = Debug|Any CPU
		{569F15A1-ABDE-4037-825C-90164D9074E2}.Debug|Any CPU.Build.0 = Debug|Any CPU
		{569F15A1-ABDE-4037-825C-90164D9074E2}.Release|Any CPU.ActiveCfg = Release|Any CPU
		{569F15A1-ABDE-4037-825C-90164D9074E2}.Release|Any CPU.Build.0 = Release|Any CPU
		{C936B94D-D1D9-4A55-8CA1-748988282811}.Debug|Any CPU.ActiveCfg = Debug|Any CPU
		{C936B94D-D1D9-4A55-8CA1-748988282811}.Debug|Any CPU.Build.0 = Debug|Any CPU
		{C936B94D-D1D9-4A55-8CA1-748988282811}.Release|Any CPU.ActiveCfg = Release|Any CPU
		{C936B94D-D1D9-4A55-8CA1-748988282811}.Release|Any CPU.Build.0 = Release|Any CPU
	EndGlobalSection
	GlobalSection(SolutionProperties) = preSolution
		HideSolutionNode = FALSE
	EndGlobalSection
	GlobalSection(ExtensibilityGlobals) = postSolution
		SolutionGuid = {C70254DD-2DEC-4FDF-A396-D266822CA720}
	EndGlobalSection
	GlobalSection(NestedProjects) = preSolution
		{C926150C-1568-44AE-B89A-2766B821CBA5} = {2F98EF48-527C-44C5-8FC3-65F25C808AC9}
		{51B8CD82-584A-4E6D-9E65-5F6A2DD4B7A6} = {2F98EF48-527C-44C5-8FC3-65F25C808AC9}
		{5BADE5A9-D2A5-4BC5-BC0B-7BC3C9FE5F63} = {2F98EF48-527C-44C5-8FC3-65F25C808AC9}
		{D737B3A2-8387-4736-AD34-C405C46D5A1B} = {0C257E94-AD98-4AFB-93B7-B6F64EB7D2BA}
		{BD6BDCB7-CA9E-465F-BC6D-A52E256DCD6E} = {0C257E94-AD98-4AFB-93B7-B6F64EB7D2BA}
		{B9028633-A438-438A-8C56-C27698B9C50D} = {0C257E94-AD98-4AFB-93B7-B6F64EB7D2BA}
		{31A53652-BF49-445F-ADB3-AAF4137548B8} = {0C257E94-AD98-4AFB-93B7-B6F64EB7D2BA}
		{9CDE7118-1931-4BDA-929B-2E0F67E16FE6} = {0C257E94-AD98-4AFB-93B7-B6F64EB7D2BA}
		{BC49B410-4B7B-459F-9CF9-213633C3FFDE} = {0C257E94-AD98-4AFB-93B7-B6F64EB7D2BA}
		{D1A6F6BB-A51C-4E58-A29D-989806951459} = {0C257E94-AD98-4AFB-93B7-B6F64EB7D2BA}
		{BF0D6EFE-7CCE-4530-B087-A57451E7CD33} = {0C257E94-AD98-4AFB-93B7-B6F64EB7D2BA}
		{D87DD68A-3BC1-4766-9F84-E35BD12E62C9} = {0C257E94-AD98-4AFB-93B7-B6F64EB7D2BA}
		{F858E5D3-DCF1-4708-8189-0C61B350EC7C} = {0C257E94-AD98-4AFB-93B7-B6F64EB7D2BA}
		{E3A71AA8-FF04-4C34-AD33-CB35424BCE04} = {D36E6268-E980-40CF-B1EA-605B400B9EAD}
		{26287D0E-D344-4D3F-8CD6-E3550B70EC29} = {D36E6268-E980-40CF-B1EA-605B400B9EAD}
		{EB27AB06-9F09-4E25-9A4C-7DDACC00C2DC} = {0C257E94-AD98-4AFB-93B7-B6F64EB7D2BA}
		{DA0C04B0-C40E-4047-A5B5-D4F274093DFB} = {0C257E94-AD98-4AFB-93B7-B6F64EB7D2BA}
		{0281E666-6C4E-4F4C-BDC7-1A71D781D34D} = {D36E6268-E980-40CF-B1EA-605B400B9EAD}
		{0864E7FA-1BE2-4703-9F96-91386753B301} = {2F98EF48-527C-44C5-8FC3-65F25C808AC9}
		{6277AC9F-217C-4F89-8589-51FCB4E9BADF} = {2F98EF48-527C-44C5-8FC3-65F25C808AC9}
		{8D62918D-C27F-45AF-B26A-437B594C0D5C} = {0C257E94-AD98-4AFB-93B7-B6F64EB7D2BA}
		{BCB6D4C3-DD27-43AD-B0E9-6C8DE6821AD5} = {0C257E94-AD98-4AFB-93B7-B6F64EB7D2BA}
		{8952083F-5A2A-4A37-9039-8588B08CA6EE} = {0C257E94-AD98-4AFB-93B7-B6F64EB7D2BA}
		{569F15A1-ABDE-4037-825C-90164D9074E2} = {0C257E94-AD98-4AFB-93B7-B6F64EB7D2BA}
		{C936B94D-D1D9-4A55-8CA1-748988282811} = {2F98EF48-527C-44C5-8FC3-65F25C808AC9}
	EndGlobalSection
EndGlobal
